# This file is automatically @generated by Poetry 2.1.4 and should not be changed by hand.

[[package]]
name = "bng-latlon"
version = "1.1"
description = "Converts british national grid (OSBG36) to lat lon (WGS84) and vice versa."
optional = false
python-versions = "*"
groups = ["main"]
files = [
    {file = "bng_latlon-1.1.tar.gz", hash = "sha256:2428c3949907754b9c5db8abb34ac5d1ccbc190a131678ea74c76d146095f3d3"},
]

[metadata]
lock-version = "2.1"
python-versions = "^3.13"
content-hash = "e6765080d0a0f0b590e5d3ed095fb332870e2c970b50017297f7383409683aa2"
