# This file is automatically @generated by Poetry 1.8.4 and should not be changed by hand.

[[package]]
name = "bng-latlon"
version = "1.1"
description = "Converts british national grid (OSBG36) to lat lon (WGS84) and vice versa."
optional = false
python-versions = "*"
files = [
    {file = "bng_latlon-1.1.tar.gz", hash = "sha256:2428c3949907754b9c5db8abb34ac5d1ccbc190a131678ea74c76d146095f3d3"},
]

[metadata]
lock-version = "2.0"
python-versions = "^3.10"
content-hash = "254cb11c960c5e3a100154b76322bb18577b6051fa261847525e9bef015a21ad"
